
Microsoft Visual Studio Solution File, Format Version 11.00
# Visual Studio 2010
Project("{FAE04EC0-301F-11D3-BF4B-00C04F79EFBC}") = "SimpleMVVM", "SimpleViewModel\SimpleMVVM.csproj", "{62F9A978-59CD-4D89-B9C0-C80F2137EAE5}"
EndProject
Global
	GlobalSection(SolutionConfigurationPlatforms) = preSolution
		Debug|Any CPU = Debug|Any CPU
		Release|Any CPU = Release|Any CPU
	EndGlobalSection
	GlobalSection(ProjectConfigurationPlatforms) = postSolution
		{62F9A978-59CD-4D89-B9C0-C80F2137EAE5}.Debug|Any CPU.ActiveCfg = Debug|Any CPU
		{62F9A978-59CD-4D89-B9C0-C80F2137EAE5}.Debug|Any CPU.Build.0 = Debug|Any CPU
		{62F9A978-59CD-4D89-B9C0-C80F2137EAE5}.Release|Any CPU.ActiveCfg = Release|Any CPU
		{62F9A978-59CD-4D89-B9C0-C80F2137EAE5}.Release|Any CPU.Build.0 = Release|Any CPU
	EndGlobalSection
	GlobalSection(SolutionProperties) = preSolution
		HideSolutionNode = FALSE
	EndGlobalSection
EndGlobal
